
Microsoft Visual Studio Solution File, Format Version 12.00
# Visual Studio Version 17
VisualStudioVersion = 17.0.31903.59
MinimumVisualStudioVersion = 10.0.40219.1
Project("{FAE04EC0-301F-11D3-BF4B-00C04F79EFBC}") = "dotnetp2.DTO", "dotnetp2.DTO\dotnetp2.DTO.csproj", "{79C5D0A1-AD28-4465-ABE2-F0D48C3A944A}"
EndProject
Project("{FAE04EC0-301F-11D3-BF4B-00C04F79EFBC}") = "dotnetp2.DataAccess", "dotnetp2.DataAccess\dotnetp2.DataAccess.csproj", "{6F29913D-8263-463C-A060-9F10A46500F2}"
EndProject
Project("{FAE04EC0-301F-11D3-BF4B-00C04F79EFBC}") = "dotnetp2.Service", "dotnetp2.Service\dotnetp2.Service.csproj", "{2DFDE810-C732-4444-B1CE-77FE76328466}"
EndProject
Project("{FAE04EC0-301F-11D3-BF4B-00C04F79EFBC}") = "dotnetp2.API", "dotnetp2.API\dotnetp2.API.csproj", "{6D752C7E-C552-4722-BC12-CC69635D3C0A}"
EndProject
Global
	GlobalSection(SolutionConfigurationPlatforms) = preSolution
		Debug|Any CPU = Debug|Any CPU
		Release|Any CPU = Release|Any CPU
	EndGlobalSection
	GlobalSection(SolutionProperties) = preSolution
		HideSolutionNode = FALSE
	EndGlobalSection
	GlobalSection(ProjectConfigurationPlatforms) = postSolution
		{79C5D0A1-AD28-4465-ABE2-F0D48C3A944A}.Debug|Any CPU.ActiveCfg = Debug|Any CPU
		{79C5D0A1-AD28-4465-ABE2-F0D48C3A944A}.Debug|Any CPU.Build.0 = Debug|Any CPU
		{79C5D0A1-AD28-4465-ABE2-F0D48C3A944A}.Release|Any CPU.ActiveCfg = Release|Any CPU
		{79C5D0A1-AD28-4465-ABE2-F0D48C3A944A}.Release|Any CPU.Build.0 = Release|Any CPU
		{6F29913D-8263-463C-A060-9F10A46500F2}.Debug|Any CPU.ActiveCfg = Debug|Any CPU
		{6F29913D-8263-463C-A060-9F10A46500F2}.Debug|Any CPU.Build.0 = Debug|Any CPU
		{6F29913D-8263-463C-A060-9F10A46500F2}.Release|Any CPU.ActiveCfg = Release|Any CPU
		{6F29913D-8263-463C-A060-9F10A46500F2}.Release|Any CPU.Build.0 = Release|Any CPU
		{2DFDE810-C732-4444-B1CE-77FE76328466}.Debug|Any CPU.ActiveCfg = Debug|Any CPU
		{2DFDE810-C732-4444-B1CE-77FE76328466}.Debug|Any CPU.Build.0 = Debug|Any CPU
		{2DFDE810-C732-4444-B1CE-77FE76328466}.Release|Any CPU.ActiveCfg = Release|Any CPU
		{2DFDE810-C732-4444-B1CE-77FE76328466}.Release|Any CPU.Build.0 = Release|Any CPU
		{6D752C7E-C552-4722-BC12-CC69635D3C0A}.Debug|Any CPU.ActiveCfg = Debug|Any CPU
		{6D752C7E-C552-4722-BC12-CC69635D3C0A}.Debug|Any CPU.Build.0 = Debug|Any CPU
		{6D752C7E-C552-4722-BC12-CC69635D3C0A}.Release|Any CPU.ActiveCfg = Release|Any CPU
		{6D752C7E-C552-4722-BC12-CC69635D3C0A}.Release|Any CPU.Build.0 = Release|Any CPU
	EndGlobalSection
EndGlobal
